
Microsoft Visual Studio Solution File, Format Version 12.00
# Visual Studio Version 17
VisualStudioVersion = 17.5.33516.290
MinimumVisualStudioVersion = 10.0.40219.1
Project("{FAE04EC0-301F-11D3-BF4B-00C04F79EFBC}") = "Shellencrypt", "Shellencrypt.csproj", "{000E9BA6-0553-46D0-B1BA-6D07901213D8}"
EndProject
Global
	GlobalSection(SolutionConfigurationPlatforms) = preSolution
		Debug|Any CPU = Debug|Any CPU
		Release|Any CPU = Release|Any CPU
	EndGlobalSection
	GlobalSection(ProjectConfigurationPlatforms) = postSolution
		{000E9BA6-0553-46D0-B1BA-6D07901213D8}.Debug|Any CPU.ActiveCfg = Debug|Any CPU
		{000E9BA6-0553-46D0-B1BA-6D07901213D8}.Debug|Any CPU.Build.0 = Debug|Any CPU
		{000E9BA6-0553-46D0-B1BA-6D07901213D8}.Release|Any CPU.ActiveCfg = Release|Any CPU
		{000E9BA6-0553-46D0-B1BA-6D07901213D8}.Release|Any CPU.Build.0 = Release|Any CPU
	EndGlobalSection
	GlobalSection(SolutionProperties) = preSolution
		HideSolutionNode = FALSE
	EndGlobalSection
	GlobalSection(ExtensibilityGlobals) = postSolution
		SolutionGuid = {8BB258F3-13ED-40E4-A2E2-8137F2620F81}
	EndGlobalSection
EndGlobal
